
Microsoft Visual Studio Solution File, Format Version 12.00
# Visual Studio Version 16
VisualStudioVersion = 16.0.31424.327
MinimumVisualStudioVersion = 10.0.40219.1
Project("{FAE04EC0-301F-11D3-BF4B-00C04F79EFBC}") = "Epam.Blog.WebPL", "Epam.Blog\Epam.Blog.WebPL.csproj", "{42C28CAC-C8FF-400D-8DF7-B95967F9FF6A}"
EndProject
Project("{2150E333-8FDC-42A3-9474-1A3956D46DE8}") = "BLL", "BLL", "{3DA3143B-79E9-487F-B523-56F86AD7E524}"
EndProject
Project("{2150E333-8FDC-42A3-9474-1A3956D46DE8}") = "PL", "PL", "{A5B2683E-AD60-4374-89EB-1C440E431564}"
EndProject
Project("{2150E333-8FDC-42A3-9474-1A3956D46DE8}") = "DAL", "DAL", "{3D8D5974-6C5B-4ECA-84BD-E29DC35AE2D5}"
EndProject
Project("{2150E333-8FDC-42A3-9474-1A3956D46DE8}") = "Common", "Common", "{6336B3FC-A6D0-4DBA-8DA1-ACF86417108A}"
EndProject
Project("{FAE04EC0-301F-11D3-BF4B-00C04F79EFBC}") = "Epam.Blog.BLL.Interfaces", "Epam.Blog.BLL.Interfaces\Epam.Blog.BLL.Interfaces.csproj", "{75DD277D-DE1D-407E-9A49-0B5D4204E776}"
EndProject
Project("{FAE04EC0-301F-11D3-BF4B-00C04F79EFBC}") = "Epam.Blog.BLL", "Epam.Blog.BLL\Epam.Blog.BLL.csproj", "{747E0959-5AD4-4F82-BAA9-E6E18716DD3B}"
EndProject
Project("{FAE04EC0-301F-11D3-BF4B-00C04F79EFBC}") = "Epam.Blog.Dependencies", "Epam.Blog.Dependencies\Epam.Blog.Dependencies.csproj", "{E4ED9A9F-9368-4732-8A7A-8650175B79B2}"
EndProject
Project("{FAE04EC0-301F-11D3-BF4B-00C04F79EFBC}") = "Epam.Blog.Entities", "Epam.Blog.Entities\Epam.Blog.Entities.csproj", "{DC6F6740-A492-4AFF-B4D1-183BA788FC09}"
EndProject
Project("{FAE04EC0-301F-11D3-BF4B-00C04F79EFBC}") = "Epam.Blog.DAL.Interfaces", "Epam.Blog.DAL.Interfaces\Epam.Blog.DAL.Interfaces.csproj", "{7666E647-90E8-4224-9AC0-877D83235373}"
EndProject
Project("{FAE04EC0-301F-11D3-BF4B-00C04F79EFBC}") = "Epam.Blog.SqlDAL", "Epam.Blog.SqlDAL\Epam.Blog.SqlDAL.csproj", "{8E35C091-B51F-4F87-98D3-85A47B07011E}"
EndProject
Global
	GlobalSection(SolutionConfigurationPlatforms) = preSolution
		Debug|Any CPU = Debug|Any CPU
		Release|Any CPU = Release|Any CPU
	EndGlobalSection
	GlobalSection(ProjectConfigurationPlatforms) = postSolution
		{42C28CAC-C8FF-400D-8DF7-B95967F9FF6A}.Debug|Any CPU.ActiveCfg = Debug|Any CPU
		{42C28CAC-C8FF-400D-8DF7-B95967F9FF6A}.Debug|Any CPU.Build.0 = Debug|Any CPU
		{42C28CAC-C8FF-400D-8DF7-B95967F9FF6A}.Release|Any CPU.ActiveCfg = Release|Any CPU
		{42C28CAC-C8FF-400D-8DF7-B95967F9FF6A}.Release|Any CPU.Build.0 = Release|Any CPU
		{75DD277D-DE1D-407E-9A49-0B5D4204E776}.Debug|Any CPU.ActiveCfg = Debug|Any CPU
		{75DD277D-DE1D-407E-9A49-0B5D4204E776}.Debug|Any CPU.Build.0 = Debug|Any CPU
		{75DD277D-DE1D-407E-9A49-0B5D4204E776}.Release|Any CPU.ActiveCfg = Release|Any CPU
		{75DD277D-DE1D-407E-9A49-0B5D4204E776}.Release|Any CPU.Build.0 = Release|Any CPU
		{747E0959-5AD4-4F82-BAA9-E6E18716DD3B}.Debug|Any CPU.ActiveCfg = Debug|Any CPU
		{747E0959-5AD4-4F82-BAA9-E6E18716DD3B}.Debug|Any CPU.Build.0 = Debug|Any CPU
		{747E0959-5AD4-4F82-BAA9-E6E18716DD3B}.Release|Any CPU.ActiveCfg = Release|Any CPU
		{747E0959-5AD4-4F82-BAA9-E6E18716DD3B}.Release|Any CPU.Build.0 = Release|Any CPU
		{E4ED9A9F-9368-4732-8A7A-8650175B79B2}.Debug|Any CPU.ActiveCfg = Debug|Any CPU
		{E4ED9A9F-9368-4732-8A7A-8650175B79B2}.Debug|Any CPU.Build.0 = Debug|Any CPU
		{E4ED9A9F-9368-4732-8A7A-8650175B79B2}.Release|Any CPU.ActiveCfg = Release|Any CPU
		{E4ED9A9F-9368-4732-8A7A-8650175B79B2}.Release|Any CPU.Build.0 = Release|Any CPU
		{DC6F6740-A492-4AFF-B4D1-183BA788FC09}.Debug|Any CPU.ActiveCfg = Debug|Any CPU
		{DC6F6740-A492-4AFF-B4D1-183BA788FC09}.Debug|Any CPU.Build.0 = Debug|Any CPU
		{DC6F6740-A492-4AFF-B4D1-183BA788FC09}.Release|Any CPU.ActiveCfg = Release|Any CPU
		{DC6F6740-A492-4AFF-B4D1-183BA788FC09}.Release|Any CPU.Build.0 = Release|Any CPU
		{7666E647-90E8-4224-9AC0-877D83235373}.Debug|Any CPU.ActiveCfg = Debug|Any CPU
		{7666E647-90E8-4224-9AC0-877D83235373}.Debug|Any CPU.Build.0 = Debug|Any CPU
		{7666E647-90E8-4224-9AC0-877D83235373}.Release|Any CPU.ActiveCfg = Release|Any CPU
		{7666E647-90E8-4224-9AC0-877D83235373}.Release|Any CPU.Build.0 = Release|Any CPU
		{8E35C091-B51F-4F87-98D3-85A47B07011E}.Debug|Any CPU.ActiveCfg = Debug|Any CPU
		{8E35C091-B51F-4F87-98D3-85A47B07011E}.Debug|Any CPU.Build.0 = Debug|Any CPU
		{8E35C091-B51F-4F87-98D3-85A47B07011E}.Release|Any CPU.ActiveCfg = Release|Any CPU
		{8E35C091-B51F-4F87-98D3-85A47B07011E}.Release|Any CPU.Build.0 = Release|Any CPU
	EndGlobalSection
	GlobalSection(SolutionProperties) = preSolution
		HideSolutionNode = FALSE
	EndGlobalSection
	GlobalSection(NestedProjects) = preSolution
		{42C28CAC-C8FF-400D-8DF7-B95967F9FF6A} = {A5B2683E-AD60-4374-89EB-1C440E431564}
		{75DD277D-DE1D-407E-9A49-0B5D4204E776} = {3DA3143B-79E9-487F-B523-56F86AD7E524}
		{747E0959-5AD4-4F82-BAA9-E6E18716DD3B} = {3DA3143B-79E9-487F-B523-56F86AD7E524}
		{E4ED9A9F-9368-4732-8A7A-8650175B79B2} = {6336B3FC-A6D0-4DBA-8DA1-ACF86417108A}
		{DC6F6740-A492-4AFF-B4D1-183BA788FC09} = {6336B3FC-A6D0-4DBA-8DA1-ACF86417108A}
		{7666E647-90E8-4224-9AC0-877D83235373} = {3D8D5974-6C5B-4ECA-84BD-E29DC35AE2D5}
		{8E35C091-B51F-4F87-98D3-85A47B07011E} = {3D8D5974-6C5B-4ECA-84BD-E29DC35AE2D5}
	EndGlobalSection
	GlobalSection(ExtensibilityGlobals) = postSolution
		SolutionGuid = {18ACFB5A-1551-49F1-8F18-26C2F3F6B4AE}
	EndGlobalSection
EndGlobal
